
Microsoft Visual Studio Solution File, Format Version 12.00
# Visual Studio Version 16
VisualStudioVersion = 16.0.30011.22
MinimumVisualStudioVersion = 10.0.40219.1
Project("{9A19103F-16F7-4668-BE54-9A1E7A4F7556}") = "Handler", "Handler\Handler.csproj", "{94454732-8A76-4411-AD9F-18A4A379FB65}"
EndProject
Global
	GlobalSection(SolutionConfigurationPlatforms) = preSolution
		Debug|Any CPU = Debug|Any CPU
		Release|Any CPU = Release|Any CPU
	EndGlobalSection
	GlobalSection(ProjectConfigurationPlatforms) = postSolution
		{94454732-8A76-4411-AD9F-18A4A379FB65}.Debug|Any CPU.ActiveCfg = Debug|Any CPU
		{94454732-8A76-4411-AD9F-18A4A379FB65}.Debug|Any CPU.Build.0 = Debug|Any CPU
		{94454732-8A76-4411-AD9F-18A4A379FB65}.Release|Any CPU.ActiveCfg = Release|Any CPU
		{94454732-8A76-4411-AD9F-18A4A379FB65}.Release|Any CPU.Build.0 = Release|Any CPU
	EndGlobalSection
	GlobalSection(SolutionProperties) = preSolution
		HideSolutionNode = FALSE
	EndGlobalSection
	GlobalSection(ExtensibilityGlobals) = postSolution
		SolutionGuid = {AEC98A16-D69B-4F01-A34B-7A29F847B98B}
	EndGlobalSection
EndGlobal
